// !$*UTF8*$!
{
	archiveVersion = 1;
	classes = {
	};
	objectVersion = 50;
	objects = {

/* Begin PBXBuildFile section */
		8446E72726832AE900650AF6 /* WelcomeViewController.swift in Sources */ = {isa = PBXBuildFile; fileRef = 8446E72626832AE900650AF6 /* WelcomeViewController.swift */; };
		8446E72B26832B0E00650AF6 /* WelcomeView.swift in Sources */ = {isa = PBXBuildFile; fileRef = 8446E72A26832B0E00650AF6 /* WelcomeView.swift */; };
		8446E72F26832B6B00650AF6 /* AuthView.swift in Sources */ = {isa = PBXBuildFile; fileRef = 8446E72E26832B6B00650AF6 /* AuthView.swift */; };
		8446E73226832B7500650AF6 /* AuthViewController.swift in Sources */ = {isa = PBXBuildFile; fileRef = 8446E73126832B7500650AF6 /* AuthViewController.swift */; };
		8446E73526832BB100650AF6 /* AppCoordinator.swift in Sources */ = {isa = PBXBuildFile; fileRef = 8446E73426832BB100650AF6 /* AppCoordinator.swift */; };
		8446E73826832D2800650AF6 /* WelcomeCoordinator.swift in Sources */ = {isa = PBXBuildFile; fileRef = 8446E73726832D2800650AF6 /* WelcomeCoordinator.swift */; };
		8446E73B26832DCC00650AF6 /* Router.swift in Sources */ = {isa = PBXBuildFile; fileRef = 8446E73A26832DCC00650AF6 /* Router.swift */; };
		8446E7402683305000650AF6 /* CoordinatorFactory.swift in Sources */ = {isa = PBXBuildFile; fileRef = 8446E73F2683305000650AF6 /* CoordinatorFactory.swift */; };
		8446E7432683309500650AF6 /* AppFactory.swift in Sources */ = {isa = PBXBuildFile; fileRef = 8446E7422683309500650AF6 /* AppFactory.swift */; };
		8446E747268330BD00650AF6 /* ScreenFactory.swift in Sources */ = {isa = PBXBuildFile; fileRef = 8446E746268330BD00650AF6 /* ScreenFactory.swift */; };
		8446E74A2683324600650AF6 /* AuthCoordinator.swift in Sources */ = {isa = PBXBuildFile; fileRef = 8446E7492683324600650AF6 /* AuthCoordinator.swift */; };
		8446E74E2683380C00650AF6 /* MainCoordinator.swift in Sources */ = {isa = PBXBuildFile; fileRef = 8446E74D2683380C00650AF6 /* MainCoordinator.swift */; };
		8456A1EB26846A1300604150 /* DependencyContainer.swift in Sources */ = {isa = PBXBuildFile; fileRef = 8456A1EA26846A1300604150 /* DependencyContainer.swift */; };
		845CBC0726804F4700876073 /* AppDelegate.swift in Sources */ = {isa = PBXBuildFile; fileRef = 845CBC0626804F4700876073 /* AppDelegate.swift */; };
		845CBC0926804F4700876073 /* SceneDelegate.swift in Sources */ = {isa = PBXBuildFile; fileRef = 845CBC0826804F4700876073 /* SceneDelegate.swift */; };
		845CBC1026804F4900876073 /* Assets.xcassets in Resources */ = {isa = PBXBuildFile; fileRef = 845CBC0F26804F4900876073 /* Assets.xcassets */; };
		845CBC1326804F4900876073 /* LaunchScreen.storyboard in Resources */ = {isa = PBXBuildFile; fileRef = 845CBC1126804F4900876073 /* LaunchScreen.storyboard */; };
		845CBC262680571800876073 /* CustomViewController.swift in Sources */ = {isa = PBXBuildFile; fileRef = 845CBC252680571800876073 /* CustomViewController.swift */; };
		845CBC2A268057B900876073 /* Coordinator.swift in Sources */ = {isa = PBXBuildFile; fileRef = 845CBC29268057B900876073 /* Coordinator.swift */; };
/* End PBXBuildFile section */

/* Begin PBXFileReference section */
		8446E72626832AE900650AF6 /* WelcomeViewController.swift */ = {isa = PBXFileReference; lastKnownFileType = sourcecode.swift; path = WelcomeViewController.swift; sourceTree = "<group>"; };
		8446E72A26832B0E00650AF6 /* WelcomeView.swift */ = {isa = PBXFileReference; lastKnownFileType = sourcecode.swift; path = WelcomeView.swift; sourceTree = "<group>"; };
		8446E72E26832B6B00650AF6 /* AuthView.swift */ = {isa = PBXFileReference; lastKnownFileType = sourcecode.swift; path = AuthView.swift; sourceTree = "<group>"; };
		8446E73126832B7500650AF6 /* AuthViewController.swift */ = {isa = PBXFileReference; lastKnownFileType = sourcecode.swift; path = AuthViewController.swift; sourceTree = "<group>"; };
		8446E73426832BB100650AF6 /* AppCoordinator.swift */ = {isa = PBXFileReference; lastKnownFileType = sourcecode.swift; path = AppCoordinator.swift; sourceTree = "<group>"; };
		8446E73726832D2800650AF6 /* WelcomeCoordinator.swift */ = {isa = PBXFileReference; lastKnownFileType = sourcecode.swift; path = WelcomeCoordinator.swift; sourceTree = "<group>"; };
		8446E73A26832DCC00650AF6 /* Router.swift */ = {isa = PBXFileReference; lastKnownFileType = sourcecode.swift; path = Router.swift; sourceTree = "<group>"; };
		8446E73F2683305000650AF6 /* CoordinatorFactory.swift */ = {isa = PBXFileReference; lastKnownFileType = sourcecode.swift; path = CoordinatorFactory.swift; sourceTree = "<group>"; };
		8446E7422683309500650AF6 /* AppFactory.swift */ = {isa = PBXFileReference; lastKnownFileType = sourcecode.swift; path = AppFactory.swift; sourceTree = "<group>"; };
		8446E746268330BD00650AF6 /* ScreenFactory.swift */ = {isa = PBXFileReference; lastKnownFileType = sourcecode.swift; path = ScreenFactory.swift; sourceTree = "<group>"; };
		8446E7492683324600650AF6 /* AuthCoordinator.swift */ = {isa = PBXFileReference; lastKnownFileType = sourcecode.swift; path = AuthCoordinator.swift; sourceTree = "<group>"; };
		8446E74D2683380C00650AF6 /* MainCoordinator.swift */ = {isa = PBXFileReference; lastKnownFileType = sourcecode.swift; path = MainCoordinator.swift; sourceTree = "<group>"; };
		8456A1EA26846A1300604150 /* DependencyContainer.swift */ = {isa = PBXFileReference; lastKnownFileType = sourcecode.swift; path = DependencyContainer.swift; sourceTree = "<group>"; };
		845CBC0326804F4700876073 /* SpotifyClone.app */ = {isa = PBXFileReference; explicitFileType = wrapper.application; includeInIndex = 0; path = SpotifyClone.app; sourceTree = BUILT_PRODUCTS_DIR; };
		845CBC0626804F4700876073 /* AppDelegate.swift */ = {isa = PBXFileReference; lastKnownFileType = sourcecode.swift; path = AppDelegate.swift; sourceTree = "<group>"; };
		845CBC0826804F4700876073 /* SceneDelegate.swift */ = {isa = PBXFileReference; lastKnownFileType = sourcecode.swift; path = SceneDelegate.swift; sourceTree = "<group>"; };
		845CBC0F26804F4900876073 /* Assets.xcassets */ = {isa = PBXFileReference; lastKnownFileType = folder.assetcatalog; path = Assets.xcassets; sourceTree = "<group>"; };
		845CBC1226804F4900876073 /* Base */ = {isa = PBXFileReference; lastKnownFileType = file.storyboard; name = Base; path = Base.lproj/LaunchScreen.storyboard; sourceTree = "<group>"; };
		845CBC1426804F4900876073 /* Info.plist */ = {isa = PBXFileReference; lastKnownFileType = text.plist.xml; path = Info.plist; sourceTree = "<group>"; };
		845CBC252680571800876073 /* CustomViewController.swift */ = {isa = PBXFileReference; fileEncoding = 4; lastKnownFileType = sourcecode.swift; path = CustomViewController.swift; sourceTree = "<group>"; };
		845CBC29268057B900876073 /* Coordinator.swift */ = {isa = PBXFileReference; fileEncoding = 4; lastKnownFileType = sourcecode.swift; path = Coordinator.swift; sourceTree = "<group>"; };
/* End PBXFileReference section */

/* Begin PBXFrameworksBuildPhase section */
		845CBC0026804F4700876073 /* Frameworks */ = {
			isa = PBXFrameworksBuildPhase;
			buildActionMask = 2147483647;
			files = (
			);
			runOnlyForDeploymentPostprocessing = 0;
		};
/* End PBXFrameworksBuildPhase section */

/* Begin PBXGroup section */
		8446E7222683296B00650AF6 /* Welcome */ = {
			isa = PBXGroup;
			children = (
				8446E72A26832B0E00650AF6 /* WelcomeView.swift */,
				8446E72626832AE900650AF6 /* WelcomeViewController.swift */,
			);
			path = Welcome;
			sourceTree = "<group>";
		};
		8446E724268329C100650AF6 /* Auth */ = {
			isa = PBXGroup;
			children = (
				8446E72E26832B6B00650AF6 /* AuthView.swift */,
				8446E73126832B7500650AF6 /* AuthViewController.swift */,
			);
			path = Auth;
			sourceTree = "<group>";
		};
		8446E72526832AC300650AF6 /* Coordinators */ = {
			isa = PBXGroup;
			children = (
				8446E73426832BB100650AF6 /* AppCoordinator.swift */,
				8446E73726832D2800650AF6 /* WelcomeCoordinator.swift */,
				8446E7492683324600650AF6 /* AuthCoordinator.swift */,
				8446E74D2683380C00650AF6 /* MainCoordinator.swift */,
			);
			path = Coordinators;
			sourceTree = "<group>";
		};
		8446E73E2683302500650AF6 /* FactoriesProtocols */ = {
			isa = PBXGroup;
			children = (
				8446E7422683309500650AF6 /* AppFactory.swift */,
				8446E73F2683305000650AF6 /* CoordinatorFactory.swift */,
				8446E746268330BD00650AF6 /* ScreenFactory.swift */,
			);
			path = FactoriesProtocols;
			sourceTree = "<group>";
		};
		8456A1EF2684823800604150 /* DependencyInjection */ = {
			isa = PBXGroup;
			children = (
				8446E73E2683302500650AF6 /* FactoriesProtocols */,
				8456A1EA26846A1300604150 /* DependencyContainer.swift */,
			);
			path = DependencyInjection;
			sourceTree = "<group>";
		};
		845CBBFA26804F4700876073 = {
			isa = PBXGroup;
			children = (
				845CBC0526804F4700876073 /* SpotifyClone */,
				845CBC0426804F4700876073 /* Products */,
			);
			sourceTree = "<group>";
		};
		845CBC0426804F4700876073 /* Products */ = {
			isa = PBXGroup;
			children = (
				845CBC0326804F4700876073 /* SpotifyClone.app */,
			);
			name = Products;
			sourceTree = "<group>";
		};
		845CBC0526804F4700876073 /* SpotifyClone */ = {
			isa = PBXGroup;
			children = (
				845CBC1B2680552300876073 /* Application */,
				845CBC1C2680552A00876073 /* Resources */,
				845CBC1D2680553000876073 /* Library */,
				845CBC312680614400876073 /* Model */,
				8456A1EF2684823800604150 /* DependencyInjection */,
				8446E72526832AC300650AF6 /* Coordinators */,
				845CBC20268055A900876073 /* Screens */,
			);
			path = SpotifyClone;
			sourceTree = "<group>";
		};
		845CBC1B2680552300876073 /* Application */ = {
			isa = PBXGroup;
			children = (
				845CBC0626804F4700876073 /* AppDelegate.swift */,
				845CBC0826804F4700876073 /* SceneDelegate.swift */,
				845CBC1126804F4900876073 /* LaunchScreen.storyboard */,
				845CBC1426804F4900876073 /* Info.plist */,
			);
			path = Application;
			sourceTree = "<group>";
		};
		845CBC1C2680552A00876073 /* Resources */ = {
			isa = PBXGroup;
			children = (
				845CBC0F26804F4900876073 /* Assets.xcassets */,
			);
			path = Resources;
			sourceTree = "<group>";
		};
		845CBC1D2680553000876073 /* Library */ = {
			isa = PBXGroup;
			children = (
				845CBC282680579800876073 /* Coordinator */,
				845CBC232680570300876073 /* UIKit */,
			);
			path = Library;
			sourceTree = "<group>";
		};
		845CBC20268055A900876073 /* Screens */ = {
			isa = PBXGroup;
			children = (
				8446E7222683296B00650AF6 /* Welcome */,
				8446E724268329C100650AF6 /* Auth */,
			);
			path = Screens;
			sourceTree = "<group>";
		};
		845CBC232680570300876073 /* UIKit */ = {
			isa = PBXGroup;
			children = (
				845CBC242680570900876073 /* UIViewController */,
			);
			path = UIKit;
			sourceTree = "<group>";
		};
		845CBC242680570900876073 /* UIViewController */ = {
			isa = PBXGroup;
			children = (
				845CBC252680571800876073 /* CustomViewController.swift */,
			);
			path = UIViewController;
			sourceTree = "<group>";
		};
		845CBC282680579800876073 /* Coordinator */ = {
			isa = PBXGroup;
			children = (
				845CBC29268057B900876073 /* Coordinator.swift */,
				8446E73A26832DCC00650AF6 /* Router.swift */,
			);
			path = Coordinator;
			sourceTree = "<group>";
		};
		845CBC312680614400876073 /* Model */ = {
			isa = PBXGroup;
			children = (
			);
			path = Model;
			sourceTree = "<group>";
		};
/* End PBXGroup section */

/* Begin PBXNativeTarget section */
		845CBC0226804F4700876073 /* SpotifyClone */ = {
			isa = PBXNativeTarget;
			buildConfigurationList = 845CBC1726804F4900876073 /* Build configuration list for PBXNativeTarget "SpotifyClone" */;
			buildPhases = (
				845CBBFF26804F4700876073 /* Sources */,
				845CBC0026804F4700876073 /* Frameworks */,
				845CBC0126804F4700876073 /* Resources */,
			);
			buildRules = (
			);
			dependencies = (
			);
			name = SpotifyClone;
			productName = SpotifyClone;
			productReference = 845CBC0326804F4700876073 /* SpotifyClone.app */;
			productType = "com.apple.product-type.application";
		};
/* End PBXNativeTarget section */

/* Begin PBXProject section */
		845CBBFB26804F4700876073 /* Project object */ = {
			isa = PBXProject;
			attributes = {
				LastSwiftUpdateCheck = 1220;
				LastUpgradeCheck = 1220;
				TargetAttributes = {
					845CBC0226804F4700876073 = {
						CreatedOnToolsVersion = 12.2;
					};
				};
			};
			buildConfigurationList = 845CBBFE26804F4700876073 /* Build configuration list for PBXProject "SpotifyClone" */;
			compatibilityVersion = "Xcode 9.3";
			developmentRegion = en;
			hasScannedForEncodings = 0;
			knownRegions = (
				en,
				Base,
			);
			mainGroup = 845CBBFA26804F4700876073;
			productRefGroup = 845CBC0426804F4700876073 /* Products */;
			projectDirPath = "";
			projectRoot = "";
			targets = (
				845CBC0226804F4700876073 /* SpotifyClone */,
			);
		};
/* End PBXProject section */

/* Begin PBXResourcesBuildPhase section */
		845CBC0126804F4700876073 /* Resources */ = {
			isa = PBXResourcesBuildPhase;
			buildActionMask = 2147483647;
			files = (
				845CBC1326804F4900876073 /* LaunchScreen.storyboard in Resources */,
				845CBC1026804F4900876073 /* Assets.xcassets in Resources */,
			);
			runOnlyForDeploymentPostprocessing = 0;
		};
/* End PBXResourcesBuildPhase section */

/* Begin PBXSourcesBuildPhase section */
		845CBBFF26804F4700876073 /* Sources */ = {
			isa = PBXSourcesBuildPhase;
			buildActionMask = 2147483647;
			files = (
				8446E74E2683380C00650AF6 /* MainCoordinator.swift in Sources */,
				8446E73526832BB100650AF6 /* AppCoordinator.swift in Sources */,
				8446E73226832B7500650AF6 /* AuthViewController.swift in Sources */,
				8446E74A2683324600650AF6 /* AuthCoordinator.swift in Sources */,
				845CBC0726804F4700876073 /* AppDelegate.swift in Sources */,
				8446E72B26832B0E00650AF6 /* WelcomeView.swift in Sources */,
				8446E747268330BD00650AF6 /* ScreenFactory.swift in Sources */,
				845CBC2A268057B900876073 /* Coordinator.swift in Sources */,
				845CBC0926804F4700876073 /* SceneDelegate.swift in Sources */,
				845CBC262680571800876073 /* CustomViewController.swift in Sources */,
				8446E7432683309500650AF6 /* AppFactory.swift in Sources */,
				8446E7402683305000650AF6 /* CoordinatorFactory.swift in Sources */,
				8446E72726832AE900650AF6 /* WelcomeViewController.swift in Sources */,
				8446E72F26832B6B00650AF6 /* AuthView.swift in Sources */,
				8446E73826832D2800650AF6 /* WelcomeCoordinator.swift in Sources */,
				8456A1EB26846A1300604150 /* DependencyContainer.swift in Sources */,
				8446E73B26832DCC00650AF6 /* Router.swift in Sources */,
			);
			runOnlyForDeploymentPostprocessing = 0;
		};
/* End PBXSourcesBuildPhase section */

/* Begin PBXVariantGroup section */
		845CBC1126804F4900876073 /* LaunchScreen.storyboard */ = {
			isa = PBXVariantGroup;
			children = (
				845CBC1226804F4900876073 /* Base */,
			);
			name = LaunchScreen.storyboard;
			sourceTree = "<group>";
		};
/* End PBXVariantGroup section */

/* Begin XCBuildConfiguration section */
		845CBC1526804F4900876073 /* Debug */ = {
			isa = XCBuildConfiguration;
			buildSettings = {
				ALWAYS_SEARCH_USER_PATHS = NO;
				CLANG_ANALYZER_NONNULL = YES;
				CLANG_ANALYZER_NUMBER_OBJECT_CONVERSION = YES_AGGRESSIVE;
				CLANG_CXX_LANGUAGE_STANDARD = "gnu++14";
				CLANG_CXX_LIBRARY = "libc++";
				CLANG_ENABLE_MODULES = YES;
				CLANG_ENABLE_OBJC_ARC = YES;
				CLANG_ENABLE_OBJC_WEAK = YES;
				CLANG_WARN_BLOCK_CAPTURE_AUTORELEASING = YES;
				CLANG_WARN_BOOL_CONVERSION = YES;
				CLANG_WARN_COMMA = YES;
				CLANG_WARN_CONSTANT_CONVERSION = YES;
				CLANG_WARN_DEPRECATED_OBJC_IMPLEMENTATIONS = YES;
				CLANG_WARN_DIRECT_OBJC_ISA_USAGE = YES_ERROR;
				CLANG_WARN_DOCUMENTATION_COMMENTS = YES;
				CLANG_WARN_EMPTY_BODY = YES;
				CLANG_WARN_ENUM_CONVERSION = YES;
				CLANG_WARN_INFINITE_RECURSION = YES;
				CLANG_WARN_INT_CONVERSION = YES;
				CLANG_WARN_NON_LITERAL_NULL_CONVERSION = YES;
				CLANG_WARN_OBJC_IMPLICIT_RETAIN_SELF = YES;
				CLANG_WARN_OBJC_LITERAL_CONVERSION = YES;
				CLANG_WARN_OBJC_ROOT_CLASS = YES_ERROR;
				CLANG_WARN_QUOTED_INCLUDE_IN_FRAMEWORK_HEADER = YES;
				CLANG_WARN_RANGE_LOOP_ANALYSIS = YES;
				CLANG_WARN_STRICT_PROTOTYPES = YES;
				CLANG_WARN_SUSPICIOUS_MOVE = YES;
				CLANG_WARN_UNGUARDED_AVAILABILITY = YES_AGGRESSIVE;
				CLANG_WARN_UNREACHABLE_CODE = YES;
				CLANG_WARN__DUPLICATE_METHOD_MATCH = YES;
				COPY_PHASE_STRIP = NO;
				DEBUG_INFORMATION_FORMAT = dwarf;
				ENABLE_STRICT_OBJC_MSGSEND = YES;
				ENABLE_TESTABILITY = YES;
				GCC_C_LANGUAGE_STANDARD = gnu11;
				GCC_DYNAMIC_NO_PIC = NO;
				GCC_NO_COMMON_BLOCKS = YES;
				GCC_OPTIMIZATION_LEVEL = 0;
				GCC_PREPROCESSOR_DEFINITIONS = (
					"DEBUG=1",
					"$(inherited)",
				);
				GCC_WARN_64_TO_32_BIT_CONVERSION = YES;
				GCC_WARN_ABOUT_RETURN_TYPE = YES_ERROR;
				GCC_WARN_UNDECLARED_SELECTOR = YES;
				GCC_WARN_UNINITIALIZED_AUTOS = YES_AGGRESSIVE;
				GCC_WARN_UNUSED_FUNCTION = YES;
				GCC_WARN_UNUSED_VARIABLE = YES;
				IPHONEOS_DEPLOYMENT_TARGET = 14.2;
				MTL_ENABLE_DEBUG_INFO = INCLUDE_SOURCE;
				MTL_FAST_MATH = YES;
				ONLY_ACTIVE_ARCH = YES;
				SDKROOT = iphoneos;
				SWIFT_ACTIVE_COMPILATION_CONDITIONS = DEBUG;
				SWIFT_OPTIMIZATION_LEVEL = "-Onone";
			};
			name = Debug;
		};
		845CBC1626804F4900876073 /* Release */ = {
			isa = XCBuildConfiguration;
			buildSettings = {
				ALWAYS_SEARCH_USER_PATHS = NO;
				CLANG_ANALYZER_NONNULL = YES;
				CLANG_ANALYZER_NUMBER_OBJECT_CONVERSION = YES_AGGRESSIVE;
				CLANG_CXX_LANGUAGE_STANDARD = "gnu++14";
				CLANG_CXX_LIBRARY = "libc++";
				CLANG_ENABLE_MODULES = YES;
				CLANG_ENABLE_OBJC_ARC = YES;
				CLANG_ENABLE_OBJC_WEAK = YES;
				CLANG_WARN_BLOCK_CAPTURE_AUTORELEASING = YES;
				CLANG_WARN_BOOL_CONVERSION = YES;
				CLANG_WARN_COMMA = YES;
				CLANG_WARN_CONSTANT_CONVERSION = YES;
				CLANG_WARN_DEPRECATED_OBJC_IMPLEMENTATIONS = YES;
				CLANG_WARN_DIRECT_OBJC_ISA_USAGE = YES_ERROR;
				CLANG_WARN_DOCUMENTATION_COMMENTS = YES;
				CLANG_WARN_EMPTY_BODY = YES;
				CLANG_WARN_ENUM_CONVERSION = YES;
				CLANG_WARN_INFINITE_RECURSION = YES;
				CLANG_WARN_INT_CONVERSION = YES;
				CLANG_WARN_NON_LITERAL_NULL_CONVERSION = YES;
				CLANG_WARN_OBJC_IMPLICIT_RETAIN_SELF = YES;
				CLANG_WARN_OBJC_LITERAL_CONVERSION = YES;
				CLANG_WARN_OBJC_ROOT_CLASS = YES_ERROR;
				CLANG_WARN_QUOTED_INCLUDE_IN_FRAMEWORK_HEADER = YES;
				CLANG_WARN_RANGE_LOOP_ANALYSIS = YES;
				CLANG_WARN_STRICT_PROTOTYPES = YES;
				CLANG_WARN_SUSPICIOUS_MOVE = YES;
				CLANG_WARN_UNGUARDED_AVAILABILITY = YES_AGGRESSIVE;
				CLANG_WARN_UNREACHABLE_CODE = YES;
				CLANG_WARN__DUPLICATE_METHOD_MATCH = YES;
				COPY_PHASE_STRIP = NO;
				DEBUG_INFORMATION_FORMAT = "dwarf-with-dsym";
				ENABLE_NS_ASSERTIONS = NO;
				ENABLE_STRICT_OBJC_MSGSEND = YES;
				GCC_C_LANGUAGE_STANDARD = gnu11;
				GCC_NO_COMMON_BLOCKS = YES;
				GCC_WARN_64_TO_32_BIT_CONVERSION = YES;
				GCC_WARN_ABOUT_RETURN_TYPE = YES_ERROR;
				GCC_WARN_UNDECLARED_SELECTOR = YES;
				GCC_WARN_UNINITIALIZED_AUTOS = YES_AGGRESSIVE;
				GCC_WARN_UNUSED_FUNCTION = YES;
				GCC_WARN_UNUSED_VARIABLE = YES;
				IPHONEOS_DEPLOYMENT_TARGET = 14.2;
				MTL_ENABLE_DEBUG_INFO = NO;
				MTL_FAST_MATH = YES;
				SDKROOT = iphoneos;
				SWIFT_COMPILATION_MODE = wholemodule;
				SWIFT_OPTIMIZATION_LEVEL = "-O";
				VALIDATE_PRODUCT = YES;
			};
			name = Release;
		};
		845CBC1826804F4900876073 /* Debug */ = {
			isa = XCBuildConfiguration;
			buildSettings = {
				ASSETCATALOG_COMPILER_APPICON_NAME = AppIcon;
				ASSETCATALOG_COMPILER_GLOBAL_ACCENT_COLOR_NAME = AccentColor;
				CODE_SIGN_STYLE = Automatic;
				DEVELOPMENT_TEAM = RQ79RJ4U97;
				INFOPLIST_FILE = SpotifyClone/Application/Info.plist;
				LD_RUNPATH_SEARCH_PATHS = (
					"$(inherited)",
					"@executable_path/Frameworks",
				);
				PRODUCT_BUNDLE_IDENTIFIER = com.alec.SpotifyClone;
				PRODUCT_NAME = "$(TARGET_NAME)";
				SWIFT_VERSION = 5.0;
				TARGETED_DEVICE_FAMILY = "1,2";
			};
			name = Debug;
		};
		845CBC1926804F4900876073 /* Release */ = {
			isa = XCBuildConfiguration;
			buildSettings = {
				ASSETCATALOG_COMPILER_APPICON_NAME = AppIcon;
				ASSETCATALOG_COMPILER_GLOBAL_ACCENT_COLOR_NAME = AccentColor;
				CODE_SIGN_STYLE = Automatic;
				DEVELOPMENT_TEAM = RQ79RJ4U97;
				INFOPLIST_FILE = SpotifyClone/Application/Info.plist;
				LD_RUNPATH_SEARCH_PATHS = (
					"$(inherited)",
					"@executable_path/Frameworks",
				);
				PRODUCT_BUNDLE_IDENTIFIER = com.alec.SpotifyClone;
				PRODUCT_NAME = "$(TARGET_NAME)";
				SWIFT_VERSION = 5.0;
				TARGETED_DEVICE_FAMILY = "1,2";
			};
			name = Release;
		};
/* End XCBuildConfiguration section */

/* Begin XCConfigurationList section */
		845CBBFE26804F4700876073 /* Build configuration list for PBXProject "SpotifyClone" */ = {
			isa = XCConfigurationList;
			buildConfigurations = (
				845CBC1526804F4900876073 /* Debug */,
				845CBC1626804F4900876073 /* Release */,
			);
			defaultConfigurationIsVisible = 0;
			defaultConfigurationName = Release;
		};
		845CBC1726804F4900876073 /* Build configuration list for PBXNativeTarget "SpotifyClone" */ = {
			isa = XCConfigurationList;
			buildConfigurations = (
				845CBC1826804F4900876073 /* Debug */,
				845CBC1926804F4900876073 /* Release */,
			);
			defaultConfigurationIsVisible = 0;
			defaultConfigurationName = Release;
		};
/* End XCConfigurationList section */
	};
	rootObject = 845CBBFB26804F4700876073 /* Project object */;
}
